<Solution>
	<Folder Name="/router/">
		<Project Path="router/gdt.router.csproj" />
	</Folder>
	<Folder Name="/wip/">
		<Project Path="wip/gdt.wip.csproj" />
	</Folder>
	<Folder Name="/tools/">
		<File Path="tools/tscn_cs_subscript_fix/tscn_cs_subscript_fix.cs" />
		<File Path="tools/stateclass2json/stateclass2json.cs" />
		<Project Path="tools/tscn2stuff/tscn2stuff.csproj" />
	</Folder>
	<Folder Name="/shared/">
		<Project Path="shared/gdt.shared.csproj" />
	</Folder>
</Solution>
